
Microsoft Visual Studio Solution File, Format Version 12.00
# Visual Studio Version 16
VisualStudioVersion = 16.0.31019.35
MinimumVisualStudioVersion = 10.0.40219.1
Project("{FAE04EC0-301F-11D3-BF4B-00C04F79EFBC}") = "ApiCatalogojogos", "ApiCatalogojogos\ApiCatalogojogos.csproj", "{A14BB590-78DC-4BE8-A022-FD392D884C84}"
EndProject
Global
	GlobalSection(SolutionConfigurationPlatforms) = preSolution
		Debug|Any CPU = Debug|Any CPU
		Release|Any CPU = Release|Any CPU
	EndGlobalSection
	GlobalSection(ProjectConfigurationPlatforms) = postSolution
		{A14BB590-78DC-4BE8-A022-FD392D884C84}.Debug|Any CPU.ActiveCfg = Debug|Any CPU
		{A14BB590-78DC-4BE8-A022-FD392D884C84}.Debug|Any CPU.Build.0 = Debug|Any CPU
		{A14BB590-78DC-4BE8-A022-FD392D884C84}.Release|Any CPU.ActiveCfg = Release|Any CPU
		{A14BB590-78DC-4BE8-A022-FD392D884C84}.Release|Any CPU.Build.0 = Release|Any CPU
	EndGlobalSection
	GlobalSection(SolutionProperties) = preSolution
		HideSolutionNode = FALSE
	EndGlobalSection
	GlobalSection(ExtensibilityGlobals) = postSolution
		SolutionGuid = {005C12EA-1FBA-49B4-BAB5-16717BD7F159}
	EndGlobalSection
EndGlobal
